// !$*UTF8*$!
{
	archiveVersion = 1;
	classes = {
	};
	objectVersion = 46;
	objects = {

/* Begin PBXBuildFile section */
		65300C6B16C84603007D5923 /* CardBack.jpg in Resources */ = {isa = PBXBuildFile; fileRef = 65300C6A16C84603007D5923 /* CardBack.jpg */; };
		6543B67C16CC901600010EF3 /* MGSetGameViewController.m in Sources */ = {isa = PBXBuildFile; fileRef = 6543B67B16CC901600010EF3 /* MGSetGameViewController.m */; };
		6543B67F16CC906C00010EF3 /* MGSetDeck.m in Sources */ = {isa = PBXBuildFile; fileRef = 6543B67E16CC906C00010EF3 /* MGSetDeck.m */; };
		6543B68216CC95FF00010EF3 /* MGSetGame.m in Sources */ = {isa = PBXBuildFile; fileRef = 6543B68116CC95FF00010EF3 /* MGSetGame.m */; };
		65644FB316F64250006EB4B0 /* MGPlayingCardView.m in Sources */ = {isa = PBXBuildFile; fileRef = 65644FB216F64250006EB4B0 /* MGPlayingCardView.m */; };
		65644FCE16F650E9006EB4B0 /* J♠.jpg in Resources */ = {isa = PBXBuildFile; fileRef = 65644FB516F650E9006EB4B0 /* J♠.jpg */; };
		65644FCF16F650E9006EB4B0 /* J♠@2x.jpg in Resources */ = {isa = PBXBuildFile; fileRef = 65644FB616F650E9006EB4B0 /* J♠@2x.jpg */; };
		65644FD016F650E9006EB4B0 /* J♣.jpg in Resources */ = {isa = PBXBuildFile; fileRef = 65644FB716F650E9006EB4B0 /* J♣.jpg */; };
		65644FD116F650E9006EB4B0 /* J♣@2x.jpg in Resources */ = {isa = PBXBuildFile; fileRef = 65644FB816F650E9006EB4B0 /* J♣@2x.jpg */; };
		65644FD216F650E9006EB4B0 /* J♥.jpg in Resources */ = {isa = PBXBuildFile; fileRef = 65644FB916F650E9006EB4B0 /* J♥.jpg */; };
		65644FD316F650E9006EB4B0 /* J♥@2x.jpg in Resources */ = {isa = PBXBuildFile; fileRef = 65644FBA16F650E9006EB4B0 /* J♥@2x.jpg */; };
		65644FD416F650E9006EB4B0 /* J♦.jpg in Resources */ = {isa = PBXBuildFile; fileRef = 65644FBB16F650E9006EB4B0 /* J♦.jpg */; };
		65644FD516F650E9006EB4B0 /* J♦@2x.jpg in Resources */ = {isa = PBXBuildFile; fileRef = 65644FBC16F650E9006EB4B0 /* J♦@2x.jpg */; };
		65644FD616F650E9006EB4B0 /* K♠.jpg in Resources */ = {isa = PBXBuildFile; fileRef = 65644FBD16F650E9006EB4B0 /* K♠.jpg */; };
		65644FD716F650E9006EB4B0 /* K♠@2x.jpg in Resources */ = {isa = PBXBuildFile; fileRef = 65644FBE16F650E9006EB4B0 /* K♠@2x.jpg */; };
		65644FD816F650E9006EB4B0 /* K♣.jpg in Resources */ = {isa = PBXBuildFile; fileRef = 65644FBF16F650E9006EB4B0 /* K♣.jpg */; };
		65644FD916F650E9006EB4B0 /* K♣@2x.jpg in Resources */ = {isa = PBXBuildFile; fileRef = 65644FC016F650E9006EB4B0 /* K♣@2x.jpg */; };
		65644FDA16F650E9006EB4B0 /* K♥.jpg in Resources */ = {isa = PBXBuildFile; fileRef = 65644FC116F650E9006EB4B0 /* K♥.jpg */; };
		65644FDB16F650E9006EB4B0 /* K♥@2x.jpg in Resources */ = {isa = PBXBuildFile; fileRef = 65644FC216F650E9006EB4B0 /* K♥@2x.jpg */; };
		65644FDC16F650E9006EB4B0 /* K♦.jpg in Resources */ = {isa = PBXBuildFile; fileRef = 65644FC316F650E9006EB4B0 /* K♦.jpg */; };
		65644FDD16F650E9006EB4B0 /* K♦@2x.jpg in Resources */ = {isa = PBXBuildFile; fileRef = 65644FC416F650E9006EB4B0 /* K♦@2x.jpg */; };
		65644FDE16F650E9006EB4B0 /* Q♠.jpg in Resources */ = {isa = PBXBuildFile; fileRef = 65644FC516F650E9006EB4B0 /* Q♠.jpg */; };
		65644FDF16F650E9006EB4B0 /* Q♠@2x.jpg in Resources */ = {isa = PBXBuildFile; fileRef = 65644FC616F650E9006EB4B0 /* Q♠@2x.jpg */; };
		65644FE016F650E9006EB4B0 /* Q♣.jpg in Resources */ = {isa = PBXBuildFile; fileRef = 65644FC716F650E9006EB4B0 /* Q♣.jpg */; };
		65644FE116F650E9006EB4B0 /* Q♣@2x.jpg in Resources */ = {isa = PBXBuildFile; fileRef = 65644FC816F650E9006EB4B0 /* Q♣@2x.jpg */; };
		65644FE216F650E9006EB4B0 /* Q♥.jpg in Resources */ = {isa = PBXBuildFile; fileRef = 65644FC916F650E9006EB4B0 /* Q♥.jpg */; };
		65644FE316F650E9006EB4B0 /* Q♥@2x.jpg in Resources */ = {isa = PBXBuildFile; fileRef = 65644FCA16F650E9006EB4B0 /* Q♥@2x.jpg */; };
		65644FE416F650E9006EB4B0 /* Q♦.jpg in Resources */ = {isa = PBXBuildFile; fileRef = 65644FCB16F650E9006EB4B0 /* Q♦.jpg */; };
		65644FE516F650E9006EB4B0 /* Q♦@2x.jpg in Resources */ = {isa = PBXBuildFile; fileRef = 65644FCC16F650E9006EB4B0 /* Q♦@2x.jpg */; };
		65644FE616F650E9006EB4B0 /* cardback.png in Resources */ = {isa = PBXBuildFile; fileRef = 65644FCD16F650E9006EB4B0 /* cardback.png */; };
		65644FE916F6514D006EB4B0 /* MGPlayingCardCollectionViewCell.m in Sources */ = {isa = PBXBuildFile; fileRef = 65644FE816F6514D006EB4B0 /* MGPlayingCardCollectionViewCell.m */; };
		6564500E16F6B524006EB4B0 /* MGSetCardCollectionViewCell.m in Sources */ = {isa = PBXBuildFile; fileRef = 6564500D16F6B524006EB4B0 /* MGSetCardCollectionViewCell.m */; };
		6564501116F6B52E006EB4B0 /* MGSetCardView.m in Sources */ = {isa = PBXBuildFile; fileRef = 6564501016F6B52E006EB4B0 /* MGSetCardView.m */; };
		6577E30616DA83FF00E02F20 /* MGGameResult.m in Sources */ = {isa = PBXBuildFile; fileRef = 6577E30516DA83FF00E02F20 /* MGGameResult.m */; };
		6577E30916DA8B3800E02F20 /* MGGameResultsViewController.m in Sources */ = {isa = PBXBuildFile; fileRef = 6577E30816DA8B3800E02F20 /* MGGameResultsViewController.m */; };
		65CFB0C716C84BDC005DEEBE /* MGThreeCardMatchingGame.m in Sources */ = {isa = PBXBuildFile; fileRef = 65300C6916C845AB007D5923 /* MGThreeCardMatchingGame.m */; };
		65D4D23416CC63FA0073D34C /* MGGame.m in Sources */ = {isa = PBXBuildFile; fileRef = 65D4D23316CC63FA0073D34C /* MGGame.m */; };
		65D4D23716CC642D0073D34C /* MGMatchingGameViewController.m in Sources */ = {isa = PBXBuildFile; fileRef = 65D4D23616CC642D0073D34C /* MGMatchingGameViewController.m */; };
		65D4D27416CC6A330073D34C /* MGSetCard.m in Sources */ = {isa = PBXBuildFile; fileRef = 65D4D27316CC6A330073D34C /* MGSetCard.m */; };
		65E3CEB816C7109A00DDEA65 /* UIKit.framework in Frameworks */ = {isa = PBXBuildFile; fileRef = 65E3CEB716C7109A00DDEA65 /* UIKit.framework */; };
		65E3CEBA16C7109A00DDEA65 /* Foundation.framework in Frameworks */ = {isa = PBXBuildFile; fileRef = 65E3CEB916C7109A00DDEA65 /* Foundation.framework */; };
		65E3CEBC16C7109A00DDEA65 /* CoreGraphics.framework in Frameworks */ = {isa = PBXBuildFile; fileRef = 65E3CEBB16C7109A00DDEA65 /* CoreGraphics.framework */; };
		65E3CEC216C7109A00DDEA65 /* InfoPlist.strings in Resources */ = {isa = PBXBuildFile; fileRef = 65E3CEC016C7109A00DDEA65 /* InfoPlist.strings */; };
		65E3CEC416C7109A00DDEA65 /* main.m in Sources */ = {isa = PBXBuildFile; fileRef = 65E3CEC316C7109A00DDEA65 /* main.m */; };
		65E3CEC816C7109A00DDEA65 /* MGAppDelegate.m in Sources */ = {isa = PBXBuildFile; fileRef = 65E3CEC716C7109A00DDEA65 /* MGAppDelegate.m */; };
		65E3CECA16C7109A00DDEA65 /* Default.png in Resources */ = {isa = PBXBuildFile; fileRef = 65E3CEC916C7109A00DDEA65 /* Default.png */; };
		65E3CECC16C7109A00DDEA65 /* Default@2x.png in Resources */ = {isa = PBXBuildFile; fileRef = 65E3CECB16C7109A00DDEA65 /* Default@2x.png */; };
		65E3CECE16C7109A00DDEA65 /* Default-568h@2x.png in Resources */ = {isa = PBXBuildFile; fileRef = 65E3CECD16C7109A00DDEA65 /* Default-568h@2x.png */; };
		65E3CED116C7109A00DDEA65 /* MainStoryboard.storyboard in Resources */ = {isa = PBXBuildFile; fileRef = 65E3CECF16C7109A00DDEA65 /* MainStoryboard.storyboard */; };
		65E3CED416C7109A00DDEA65 /* MGCardGameViewController.m in Sources */ = {isa = PBXBuildFile; fileRef = 65E3CED316C7109A00DDEA65 /* MGCardGameViewController.m */; };
		65E3CEDC16C710D900DDEA65 /* MGCard.m in Sources */ = {isa = PBXBuildFile; fileRef = 65E3CEDB16C710D900DDEA65 /* MGCard.m */; };
		65E3CEE016C710F500DDEA65 /* MGDeck.m in Sources */ = {isa = PBXBuildFile; fileRef = 65E3CEDF16C710F500DDEA65 /* MGDeck.m */; };
		65E3CEE316C7110200DDEA65 /* MGPlayingCard.m in Sources */ = {isa = PBXBuildFile; fileRef = 65E3CEE216C7110200DDEA65 /* MGPlayingCard.m */; };
		65E3CEE616C7111500DDEA65 /* MGPlayingCardDeck.m in Sources */ = {isa = PBXBuildFile; fileRef = 65E3CEE516C7111500DDEA65 /* MGPlayingCardDeck.m */; };
		65E3CEE916C7112E00DDEA65 /* MGMatchingGame.m in Sources */ = {isa = PBXBuildFile; fileRef = 65E3CEE816C7112E00DDEA65 /* MGMatchingGame.m */; };
		65E90E0C16CD58F200A00FE1 /* greyPixel.png in Resources */ = {isa = PBXBuildFile; fileRef = 65E90E0B16CD58F200A00FE1 /* greyPixel.png */; };
/* End PBXBuildFile section */

/* Begin PBXFileReference section */
		65300C6816C845AB007D5923 /* MGThreeCardMatchingGame.h */ = {isa = PBXFileReference; lastKnownFileType = sourcecode.c.h; name = MGThreeCardMatchingGame.h; path = Model/MGThreeCardMatchingGame.h; sourceTree = "<group>"; };
		65300C6916C845AB007D5923 /* MGThreeCardMatchingGame.m */ = {isa = PBXFileReference; lastKnownFileType = sourcecode.c.objc; name = MGThreeCardMatchingGame.m; path = Model/MGThreeCardMatchingGame.m; sourceTree = "<group>"; };
		65300C6A16C84603007D5923 /* CardBack.jpg */ = {isa = PBXFileReference; lastKnownFileType = image.jpeg; path = CardBack.jpg; sourceTree = "<group>"; };
		6543B67A16CC901600010EF3 /* MGSetGameViewController.h */ = {isa = PBXFileReference; fileEncoding = 4; lastKnownFileType = sourcecode.c.h; path = MGSetGameViewController.h; sourceTree = "<group>"; };
		6543B67B16CC901600010EF3 /* MGSetGameViewController.m */ = {isa = PBXFileReference; fileEncoding = 4; lastKnownFileType = sourcecode.c.objc; path = MGSetGameViewController.m; sourceTree = "<group>"; };
		6543B67D16CC906B00010EF3 /* MGSetDeck.h */ = {isa = PBXFileReference; fileEncoding = 4; lastKnownFileType = sourcecode.c.h; name = MGSetDeck.h; path = Model/MGSetDeck.h; sourceTree = "<group>"; };
		6543B67E16CC906C00010EF3 /* MGSetDeck.m */ = {isa = PBXFileReference; fileEncoding = 4; lastKnownFileType = sourcecode.c.objc; name = MGSetDeck.m; path = Model/MGSetDeck.m; sourceTree = "<group>"; };
		6543B68016CC95FF00010EF3 /* MGSetGame.h */ = {isa = PBXFileReference; fileEncoding = 4; lastKnownFileType = sourcecode.c.h; name = MGSetGame.h; path = Model/MGSetGame.h; sourceTree = "<group>"; };
		6543B68116CC95FF00010EF3 /* MGSetGame.m */ = {isa = PBXFileReference; fileEncoding = 4; lastKnownFileType = sourcecode.c.objc; name = MGSetGame.m; path = Model/MGSetGame.m; sourceTree = "<group>"; };
		65644FB116F64250006EB4B0 /* MGPlayingCardView.h */ = {isa = PBXFileReference; fileEncoding = 4; lastKnownFileType = sourcecode.c.h; name = MGPlayingCardView.h; path = View/MGPlayingCardView.h; sourceTree = "<group>"; };
		65644FB216F64250006EB4B0 /* MGPlayingCardView.m */ = {isa = PBXFileReference; fileEncoding = 4; lastKnownFileType = sourcecode.c.objc; name = MGPlayingCardView.m; path = View/MGPlayingCardView.m; sourceTree = "<group>"; };
		65644FB516F650E9006EB4B0 /* J♠.jpg */ = {isa = PBXFileReference; lastKnownFileType = image.jpeg; path = "J♠.jpg"; sourceTree = "<group>"; };
		65644FB616F650E9006EB4B0 /* J♠@2x.jpg */ = {isa = PBXFileReference; lastKnownFileType = image.jpeg; path = "J♠@2x.jpg"; sourceTree = "<group>"; };
		65644FB716F650E9006EB4B0 /* J♣.jpg */ = {isa = PBXFileReference; lastKnownFileType = image.jpeg; path = "J♣.jpg"; sourceTree = "<group>"; };
		65644FB816F650E9006EB4B0 /* J♣@2x.jpg */ = {isa = PBXFileReference; lastKnownFileType = image.jpeg; path = "J♣@2x.jpg"; sourceTree = "<group>"; };
		65644FB916F650E9006EB4B0 /* J♥.jpg */ = {isa = PBXFileReference; lastKnownFileType = image.jpeg; path = "J♥.jpg"; sourceTree = "<group>"; };
		65644FBA16F650E9006EB4B0 /* J♥@2x.jpg */ = {isa = PBXFileReference; lastKnownFileType = image.jpeg; path = "J♥@2x.jpg"; sourceTree = "<group>"; };
		65644FBB16F650E9006EB4B0 /* J♦.jpg */ = {isa = PBXFileReference; lastKnownFileType = image.jpeg; path = "J♦.jpg"; sourceTree = "<group>"; };
		65644FBC16F650E9006EB4B0 /* J♦@2x.jpg */ = {isa = PBXFileReference; lastKnownFileType = image.jpeg; path = "J♦@2x.jpg"; sourceTree = "<group>"; };
		65644FBD16F650E9006EB4B0 /* K♠.jpg */ = {isa = PBXFileReference; lastKnownFileType = image.jpeg; path = "K♠.jpg"; sourceTree = "<group>"; };
		65644FBE16F650E9006EB4B0 /* K♠@2x.jpg */ = {isa = PBXFileReference; lastKnownFileType = image.jpeg; path = "K♠@2x.jpg"; sourceTree = "<group>"; };
		65644FBF16F650E9006EB4B0 /* K♣.jpg */ = {isa = PBXFileReference; lastKnownFileType = image.jpeg; path = "K♣.jpg"; sourceTree = "<group>"; };
		65644FC016F650E9006EB4B0 /* K♣@2x.jpg */ = {isa = PBXFileReference; lastKnownFileType = image.jpeg; path = "K♣@2x.jpg"; sourceTree = "<group>"; };
		65644FC116F650E9006EB4B0 /* K♥.jpg */ = {isa = PBXFileReference; lastKnownFileType = image.jpeg; path = "K♥.jpg"; sourceTree = "<group>"; };
		65644FC216F650E9006EB4B0 /* K♥@2x.jpg */ = {isa = PBXFileReference; lastKnownFileType = image.jpeg; path = "K♥@2x.jpg"; sourceTree = "<group>"; };
		65644FC316F650E9006EB4B0 /* K♦.jpg */ = {isa = PBXFileReference; lastKnownFileType = image.jpeg; path = "K♦.jpg"; sourceTree = "<group>"; };
		65644FC416F650E9006EB4B0 /* K♦@2x.jpg */ = {isa = PBXFileReference; lastKnownFileType = image.jpeg; path = "K♦@2x.jpg"; sourceTree = "<group>"; };
		65644FC516F650E9006EB4B0 /* Q♠.jpg */ = {isa = PBXFileReference; lastKnownFileType = image.jpeg; path = "Q♠.jpg"; sourceTree = "<group>"; };
		65644FC616F650E9006EB4B0 /* Q♠@2x.jpg */ = {isa = PBXFileReference; lastKnownFileType = image.jpeg; path = "Q♠@2x.jpg"; sourceTree = "<group>"; };
		65644FC716F650E9006EB4B0 /* Q♣.jpg */ = {isa = PBXFileReference; lastKnownFileType = image.jpeg; path = "Q♣.jpg"; sourceTree = "<group>"; };
		65644FC816F650E9006EB4B0 /* Q♣@2x.jpg */ = {isa = PBXFileReference; lastKnownFileType = image.jpeg; path = "Q♣@2x.jpg"; sourceTree = "<group>"; };
		65644FC916F650E9006EB4B0 /* Q♥.jpg */ = {isa = PBXFileReference; lastKnownFileType = image.jpeg; path = "Q♥.jpg"; sourceTree = "<group>"; };
		65644FCA16F650E9006EB4B0 /* Q♥@2x.jpg */ = {isa = PBXFileReference; lastKnownFileType = image.jpeg; path = "Q♥@2x.jpg"; sourceTree = "<group>"; };
		65644FCB16F650E9006EB4B0 /* Q♦.jpg */ = {isa = PBXFileReference; lastKnownFileType = image.jpeg; path = "Q♦.jpg"; sourceTree = "<group>"; };
		65644FCC16F650E9006EB4B0 /* Q♦@2x.jpg */ = {isa = PBXFileReference; lastKnownFileType = image.jpeg; path = "Q♦@2x.jpg"; sourceTree = "<group>"; };
		65644FCD16F650E9006EB4B0 /* cardback.png */ = {isa = PBXFileReference; lastKnownFileType = image.png; path = cardback.png; sourceTree = "<group>"; };
		65644FE716F6514D006EB4B0 /* MGPlayingCardCollectionViewCell.h */ = {isa = PBXFileReference; fileEncoding = 4; lastKnownFileType = sourcecode.c.h; name = MGPlayingCardCollectionViewCell.h; path = View/MGPlayingCardCollectionViewCell.h; sourceTree = "<group>"; };
		65644FE816F6514D006EB4B0 /* MGPlayingCardCollectionViewCell.m */ = {isa = PBXFileReference; fileEncoding = 4; lastKnownFileType = sourcecode.c.objc; name = MGPlayingCardCollectionViewCell.m; path = View/MGPlayingCardCollectionViewCell.m; sourceTree = "<group>"; };
		6564500C16F6B524006EB4B0 /* MGSetCardCollectionViewCell.h */ = {isa = PBXFileReference; fileEncoding = 4; lastKnownFileType = sourcecode.c.h; path = MGSetCardCollectionViewCell.h; sourceTree = "<group>"; };
		6564500D16F6B524006EB4B0 /* MGSetCardCollectionViewCell.m */ = {isa = PBXFileReference; fileEncoding = 4; lastKnownFileType = sourcecode.c.objc; path = MGSetCardCollectionViewCell.m; sourceTree = "<group>"; };
		6564500F16F6B52E006EB4B0 /* MGSetCardView.h */ = {isa = PBXFileReference; fileEncoding = 4; lastKnownFileType = sourcecode.c.h; path = MGSetCardView.h; sourceTree = "<group>"; };
		6564501016F6B52E006EB4B0 /* MGSetCardView.m */ = {isa = PBXFileReference; fileEncoding = 4; lastKnownFileType = sourcecode.c.objc; path = MGSetCardView.m; sourceTree = "<group>"; };
		6577E30416DA83FF00E02F20 /* MGGameResult.h */ = {isa = PBXFileReference; fileEncoding = 4; lastKnownFileType = sourcecode.c.h; path = MGGameResult.h; sourceTree = "<group>"; };
		6577E30516DA83FF00E02F20 /* MGGameResult.m */ = {isa = PBXFileReference; fileEncoding = 4; lastKnownFileType = sourcecode.c.objc; path = MGGameResult.m; sourceTree = "<group>"; };
		6577E30716DA8B3800E02F20 /* MGGameResultsViewController.h */ = {isa = PBXFileReference; fileEncoding = 4; lastKnownFileType = sourcecode.c.h; path = MGGameResultsViewController.h; sourceTree = "<group>"; };
		6577E30816DA8B3800E02F20 /* MGGameResultsViewController.m */ = {isa = PBXFileReference; fileEncoding = 4; lastKnownFileType = sourcecode.c.objc; path = MGGameResultsViewController.m; sourceTree = "<group>"; };
		65D4D22C16CC61210073D34C /* MGCardGameViewController_Protected.h */ = {isa = PBXFileReference; lastKnownFileType = sourcecode.c.h; path = MGCardGameViewController_Protected.h; sourceTree = "<group>"; };
		65D4D23116CC63FA0073D34C /* MGGame_Protected.h */ = {isa = PBXFileReference; fileEncoding = 4; lastKnownFileType = sourcecode.c.h; name = MGGame_Protected.h; path = Model/MGGame_Protected.h; sourceTree = "<group>"; };
		65D4D23216CC63FA0073D34C /* MGGame.h */ = {isa = PBXFileReference; fileEncoding = 4; lastKnownFileType = sourcecode.c.h; name = MGGame.h; path = Model/MGGame.h; sourceTree = "<group>"; };
		65D4D23316CC63FA0073D34C /* MGGame.m */ = {isa = PBXFileReference; fileEncoding = 4; lastKnownFileType = sourcecode.c.objc; name = MGGame.m; path = Model/MGGame.m; sourceTree = "<group>"; };
		65D4D23516CC642D0073D34C /* MGMatchingGameViewController.h */ = {isa = PBXFileReference; fileEncoding = 4; lastKnownFileType = sourcecode.c.h; path = MGMatchingGameViewController.h; sourceTree = "<group>"; };
		65D4D23616CC642D0073D34C /* MGMatchingGameViewController.m */ = {isa = PBXFileReference; fileEncoding = 4; lastKnownFileType = sourcecode.c.objc; path = MGMatchingGameViewController.m; sourceTree = "<group>"; };
		65D4D27216CC6A330073D34C /* MGSetCard.h */ = {isa = PBXFileReference; fileEncoding = 4; lastKnownFileType = sourcecode.c.h; name = MGSetCard.h; path = Model/MGSetCard.h; sourceTree = "<group>"; };
		65D4D27316CC6A330073D34C /* MGSetCard.m */ = {isa = PBXFileReference; fileEncoding = 4; lastKnownFileType = sourcecode.c.objc; name = MGSetCard.m; path = Model/MGSetCard.m; sourceTree = "<group>"; };
		65E3CEB416C7109A00DDEA65 /* Matchismo.app */ = {isa = PBXFileReference; explicitFileType = wrapper.application; includeInIndex = 0; path = Matchismo.app; sourceTree = BUILT_PRODUCTS_DIR; };
		65E3CEB716C7109A00DDEA65 /* UIKit.framework */ = {isa = PBXFileReference; lastKnownFileType = wrapper.framework; name = UIKit.framework; path = System/Library/Frameworks/UIKit.framework; sourceTree = SDKROOT; };
		65E3CEB916C7109A00DDEA65 /* Foundation.framework */ = {isa = PBXFileReference; lastKnownFileType = wrapper.framework; name = Foundation.framework; path = System/Library/Frameworks/Foundation.framework; sourceTree = SDKROOT; };
		65E3CEBB16C7109A00DDEA65 /* CoreGraphics.framework */ = {isa = PBXFileReference; lastKnownFileType = wrapper.framework; name = CoreGraphics.framework; path = System/Library/Frameworks/CoreGraphics.framework; sourceTree = SDKROOT; };
		65E3CEBF16C7109A00DDEA65 /* Matchismo-Info.plist */ = {isa = PBXFileReference; lastKnownFileType = text.plist.xml; path = "Matchismo-Info.plist"; sourceTree = "<group>"; };
		65E3CEC116C7109A00DDEA65 /* en */ = {isa = PBXFileReference; lastKnownFileType = text.plist.strings; name = en; path = en.lproj/InfoPlist.strings; sourceTree = "<group>"; };
		65E3CEC316C7109A00DDEA65 /* main.m */ = {isa = PBXFileReference; lastKnownFileType = sourcecode.c.objc; path = main.m; sourceTree = "<group>"; };
		65E3CEC516C7109A00DDEA65 /* Matchismo-Prefix.pch */ = {isa = PBXFileReference; lastKnownFileType = sourcecode.c.h; path = "Matchismo-Prefix.pch"; sourceTree = "<group>"; };
		65E3CEC616C7109A00DDEA65 /* MGAppDelegate.h */ = {isa = PBXFileReference; lastKnownFileType = sourcecode.c.h; path = MGAppDelegate.h; sourceTree = "<group>"; };
		65E3CEC716C7109A00DDEA65 /* MGAppDelegate.m */ = {isa = PBXFileReference; lastKnownFileType = sourcecode.c.objc; path = MGAppDelegate.m; sourceTree = "<group>"; };
		65E3CEC916C7109A00DDEA65 /* Default.png */ = {isa = PBXFileReference; lastKnownFileType = image.png; path = Default.png; sourceTree = "<group>"; };
		65E3CECB16C7109A00DDEA65 /* Default@2x.png */ = {isa = PBXFileReference; lastKnownFileType = image.png; path = "Default@2x.png"; sourceTree = "<group>"; };
		65E3CECD16C7109A00DDEA65 /* Default-568h@2x.png */ = {isa = PBXFileReference; lastKnownFileType = image.png; path = "Default-568h@2x.png"; sourceTree = "<group>"; };
		65E3CED016C7109A00DDEA65 /* en */ = {isa = PBXFileReference; lastKnownFileType = file.storyboard; name = en; path = en.lproj/MainStoryboard.storyboard; sourceTree = "<group>"; };
		65E3CED216C7109A00DDEA65 /* MGCardGameViewController.h */ = {isa = PBXFileReference; lastKnownFileType = sourcecode.c.h; path = MGCardGameViewController.h; sourceTree = "<group>"; };
		65E3CED316C7109A00DDEA65 /* MGCardGameViewController.m */ = {isa = PBXFileReference; lastKnownFileType = sourcecode.c.objc; path = MGCardGameViewController.m; sourceTree = "<group>"; };
		65E3CEDA16C710D900DDEA65 /* MGCard.h */ = {isa = PBXFileReference; fileEncoding = 4; lastKnownFileType = sourcecode.c.h; name = MGCard.h; path = Model/MGCard.h; sourceTree = "<group>"; };
		65E3CEDB16C710D900DDEA65 /* MGCard.m */ = {isa = PBXFileReference; fileEncoding = 4; lastKnownFileType = sourcecode.c.objc; name = MGCard.m; path = Model/MGCard.m; sourceTree = "<group>"; };
		65E3CEDE16C710F500DDEA65 /* MGDeck.h */ = {isa = PBXFileReference; fileEncoding = 4; lastKnownFileType = sourcecode.c.h; name = MGDeck.h; path = Model/MGDeck.h; sourceTree = "<group>"; };
		65E3CEDF16C710F500DDEA65 /* MGDeck.m */ = {isa = PBXFileReference; fileEncoding = 4; lastKnownFileType = sourcecode.c.objc; name = MGDeck.m; path = Model/MGDeck.m; sourceTree = "<group>"; };
		65E3CEE116C7110200DDEA65 /* MGPlayingCard.h */ = {isa = PBXFileReference; fileEncoding = 4; lastKnownFileType = sourcecode.c.h; name = MGPlayingCard.h; path = Model/MGPlayingCard.h; sourceTree = "<group>"; };
		65E3CEE216C7110200DDEA65 /* MGPlayingCard.m */ = {isa = PBXFileReference; fileEncoding = 4; lastKnownFileType = sourcecode.c.objc; name = MGPlayingCard.m; path = Model/MGPlayingCard.m; sourceTree = "<group>"; };
		65E3CEE416C7111500DDEA65 /* MGPlayingCardDeck.h */ = {isa = PBXFileReference; fileEncoding = 4; lastKnownFileType = sourcecode.c.h; name = MGPlayingCardDeck.h; path = Model/MGPlayingCardDeck.h; sourceTree = "<group>"; };
		65E3CEE516C7111500DDEA65 /* MGPlayingCardDeck.m */ = {isa = PBXFileReference; fileEncoding = 4; lastKnownFileType = sourcecode.c.objc; name = MGPlayingCardDeck.m; path = Model/MGPlayingCardDeck.m; sourceTree = "<group>"; };
		65E3CEE716C7112E00DDEA65 /* MGMatchingGame.h */ = {isa = PBXFileReference; fileEncoding = 4; lastKnownFileType = sourcecode.c.h; name = MGMatchingGame.h; path = Model/MGMatchingGame.h; sourceTree = "<group>"; };
		65E3CEE816C7112E00DDEA65 /* MGMatchingGame.m */ = {isa = PBXFileReference; fileEncoding = 4; lastKnownFileType = sourcecode.c.objc; name = MGMatchingGame.m; path = Model/MGMatchingGame.m; sourceTree = "<group>"; };
		65E90E0B16CD58F200A00FE1 /* greyPixel.png */ = {isa = PBXFileReference; lastKnownFileType = image.png; path = greyPixel.png; sourceTree = "<group>"; };
/* End PBXFileReference section */

/* Begin PBXFrameworksBuildPhase section */
		65E3CEB116C7109A00DDEA65 /* Frameworks */ = {
			isa = PBXFrameworksBuildPhase;
			buildActionMask = 2147483647;
			files = (
				65E3CEB816C7109A00DDEA65 /* UIKit.framework in Frameworks */,
				65E3CEBA16C7109A00DDEA65 /* Foundation.framework in Frameworks */,
				65E3CEBC16C7109A00DDEA65 /* CoreGraphics.framework in Frameworks */,
			);
			runOnlyForDeploymentPostprocessing = 0;
		};
/* End PBXFrameworksBuildPhase section */

/* Begin PBXGroup section */
		65644FB016F64234006EB4B0 /* View */ = {
			isa = PBXGroup;
			children = (
				6564500F16F6B52E006EB4B0 /* MGSetCardView.h */,
				6564501016F6B52E006EB4B0 /* MGSetCardView.m */,
				6564500C16F6B524006EB4B0 /* MGSetCardCollectionViewCell.h */,
				6564500D16F6B524006EB4B0 /* MGSetCardCollectionViewCell.m */,
				65644FB116F64250006EB4B0 /* MGPlayingCardView.h */,
				65644FB216F64250006EB4B0 /* MGPlayingCardView.m */,
				65644FE716F6514D006EB4B0 /* MGPlayingCardCollectionViewCell.h */,
				65644FE816F6514D006EB4B0 /* MGPlayingCardCollectionViewCell.m */,
			);
			name = View;
			sourceTree = "<group>";
		};
		65644FB416F650E9006EB4B0 /* Face Card Images */ = {
			isa = PBXGroup;
			children = (
				65644FB516F650E9006EB4B0 /* J♠.jpg */,
				65644FB616F650E9006EB4B0 /* J♠@2x.jpg */,
				65644FB716F650E9006EB4B0 /* J♣.jpg */,
				65644FB816F650E9006EB4B0 /* J♣@2x.jpg */,
				65644FB916F650E9006EB4B0 /* J♥.jpg */,
				65644FBA16F650E9006EB4B0 /* J♥@2x.jpg */,
				65644FBB16F650E9006EB4B0 /* J♦.jpg */,
				65644FBC16F650E9006EB4B0 /* J♦@2x.jpg */,
				65644FBD16F650E9006EB4B0 /* K♠.jpg */,
				65644FBE16F650E9006EB4B0 /* K♠@2x.jpg */,
				65644FBF16F650E9006EB4B0 /* K♣.jpg */,
				65644FC016F650E9006EB4B0 /* K♣@2x.jpg */,
				65644FC116F650E9006EB4B0 /* K♥.jpg */,
				65644FC216F650E9006EB4B0 /* K♥@2x.jpg */,
				65644FC316F650E9006EB4B0 /* K♦.jpg */,
				65644FC416F650E9006EB4B0 /* K♦@2x.jpg */,
				65644FC516F650E9006EB4B0 /* Q♠.jpg */,
				65644FC616F650E9006EB4B0 /* Q♠@2x.jpg */,
				65644FC716F650E9006EB4B0 /* Q♣.jpg */,
				65644FC816F650E9006EB4B0 /* Q♣@2x.jpg */,
				65644FC916F650E9006EB4B0 /* Q♥.jpg */,
				65644FCA16F650E9006EB4B0 /* Q♥@2x.jpg */,
				65644FCB16F650E9006EB4B0 /* Q♦.jpg */,
				65644FCC16F650E9006EB4B0 /* Q♦@2x.jpg */,
			);
			path = "Face Card Images";
			sourceTree = "<group>";
		};
		65D4D22616CC5FF60073D34C /* Abstract */ = {
			isa = PBXGroup;
			children = (
				65D4D23216CC63FA0073D34C /* MGGame.h */,
				65D4D23116CC63FA0073D34C /* MGGame_Protected.h */,
				65D4D23316CC63FA0073D34C /* MGGame.m */,
				65E3CEDA16C710D900DDEA65 /* MGCard.h */,
				65E3CEDB16C710D900DDEA65 /* MGCard.m */,
				65E3CEDE16C710F500DDEA65 /* MGDeck.h */,
				65E3CEDF16C710F500DDEA65 /* MGDeck.m */,
			);
			name = Abstract;
			sourceTree = "<group>";
		};
		65D4D22716CC60000073D34C /* Matching */ = {
			isa = PBXGroup;
			children = (
				65E3CEE716C7112E00DDEA65 /* MGMatchingGame.h */,
				65E3CEE816C7112E00DDEA65 /* MGMatchingGame.m */,
				65300C6816C845AB007D5923 /* MGThreeCardMatchingGame.h */,
				65300C6916C845AB007D5923 /* MGThreeCardMatchingGame.m */,
				65E3CEE116C7110200DDEA65 /* MGPlayingCard.h */,
				65E3CEE216C7110200DDEA65 /* MGPlayingCard.m */,
				65E3CEE416C7111500DDEA65 /* MGPlayingCardDeck.h */,
				65E3CEE516C7111500DDEA65 /* MGPlayingCardDeck.m */,
			);
			name = Matching;
			sourceTree = "<group>";
		};
		65D4D22816CC60060073D34C /* Set */ = {
			isa = PBXGroup;
			children = (
				6543B68016CC95FF00010EF3 /* MGSetGame.h */,
				6543B68116CC95FF00010EF3 /* MGSetGame.m */,
				65D4D27216CC6A330073D34C /* MGSetCard.h */,
				65D4D27316CC6A330073D34C /* MGSetCard.m */,
				6543B67D16CC906B00010EF3 /* MGSetDeck.h */,
				6543B67E16CC906C00010EF3 /* MGSetDeck.m */,
			);
			name = Set;
			sourceTree = "<group>";
		};
		65E3CEAB16C7109A00DDEA65 = {
			isa = PBXGroup;
			children = (
				65E3CEBD16C7109A00DDEA65 /* Matchismo */,
				65E3CEB616C7109A00DDEA65 /* Frameworks */,
				65E3CEB516C7109A00DDEA65 /* Products */,
			);
			sourceTree = "<group>";
		};
		65E3CEB516C7109A00DDEA65 /* Products */ = {
			isa = PBXGroup;
			children = (
				65E3CEB416C7109A00DDEA65 /* Matchismo.app */,
			);
			name = Products;
			sourceTree = "<group>";
		};
		65E3CEB616C7109A00DDEA65 /* Frameworks */ = {
			isa = PBXGroup;
			children = (
				65E3CEB716C7109A00DDEA65 /* UIKit.framework */,
				65E3CEB916C7109A00DDEA65 /* Foundation.framework */,
				65E3CEBB16C7109A00DDEA65 /* CoreGraphics.framework */,
			);
			name = Frameworks;
			sourceTree = "<group>";
		};
		65E3CEBD16C7109A00DDEA65 /* Matchismo */ = {
			isa = PBXGroup;
			children = (
				65E3CECF16C7109A00DDEA65 /* MainStoryboard.storyboard */,
				65644FB016F64234006EB4B0 /* View */,
				65E3CEDD16C710DD00DDEA65 /* Model */,
				65E3CED216C7109A00DDEA65 /* MGCardGameViewController.h */,
				65D4D22C16CC61210073D34C /* MGCardGameViewController_Protected.h */,
				65E3CED316C7109A00DDEA65 /* MGCardGameViewController.m */,
				65D4D23516CC642D0073D34C /* MGMatchingGameViewController.h */,
				65D4D23616CC642D0073D34C /* MGMatchingGameViewController.m */,
				6543B67A16CC901600010EF3 /* MGSetGameViewController.h */,
				6543B67B16CC901600010EF3 /* MGSetGameViewController.m */,
				6577E30716DA8B3800E02F20 /* MGGameResultsViewController.h */,
				6577E30816DA8B3800E02F20 /* MGGameResultsViewController.m */,
				65644FB416F650E9006EB4B0 /* Face Card Images */,
				65644FCD16F650E9006EB4B0 /* cardback.png */,
				65E3CEBE16C7109A00DDEA65 /* Supporting Files */,
			);
			path = Matchismo;
			sourceTree = "<group>";
		};
		65E3CEBE16C7109A00DDEA65 /* Supporting Files */ = {
			isa = PBXGroup;
			children = (
				65E90E0B16CD58F200A00FE1 /* greyPixel.png */,
				65300C6A16C84603007D5923 /* CardBack.jpg */,
				65E3CEC616C7109A00DDEA65 /* MGAppDelegate.h */,
				65E3CEC716C7109A00DDEA65 /* MGAppDelegate.m */,
				65E3CEBF16C7109A00DDEA65 /* Matchismo-Info.plist */,
				65E3CEC016C7109A00DDEA65 /* InfoPlist.strings */,
				65E3CEC316C7109A00DDEA65 /* main.m */,
				65E3CEC516C7109A00DDEA65 /* Matchismo-Prefix.pch */,
				65E3CEC916C7109A00DDEA65 /* Default.png */,
				65E3CECB16C7109A00DDEA65 /* Default@2x.png */,
				65E3CECD16C7109A00DDEA65 /* Default-568h@2x.png */,
			);
			name = "Supporting Files";
			sourceTree = "<group>";
		};
		65E3CEDD16C710DD00DDEA65 /* Model */ = {
			isa = PBXGroup;
			children = (
				6577E30416DA83FF00E02F20 /* MGGameResult.h */,
				6577E30516DA83FF00E02F20 /* MGGameResult.m */,
				65D4D22616CC5FF60073D34C /* Abstract */,
				65D4D22716CC60000073D34C /* Matching */,
				65D4D22816CC60060073D34C /* Set */,
			);
			name = Model;
			sourceTree = "<group>";
		};
/* End PBXGroup section */

/* Begin PBXNativeTarget section */
		65E3CEB316C7109A00DDEA65 /* Matchismo */ = {
			isa = PBXNativeTarget;
			buildConfigurationList = 65E3CED716C7109A00DDEA65 /* Build configuration list for PBXNativeTarget "Matchismo" */;
			buildPhases = (
				65E3CEB016C7109A00DDEA65 /* Sources */,
				65E3CEB116C7109A00DDEA65 /* Frameworks */,
				65E3CEB216C7109A00DDEA65 /* Resources */,
			);
			buildRules = (
			);
			dependencies = (
			);
			name = Matchismo;
			productName = Matchismo;
			productReference = 65E3CEB416C7109A00DDEA65 /* Matchismo.app */;
			productType = "com.apple.product-type.application";
		};
/* End PBXNativeTarget section */

/* Begin PBXProject section */
		65E3CEAC16C7109A00DDEA65 /* Project object */ = {
			isa = PBXProject;
			attributes = {
				CLASSPREFIX = MG;
				LastUpgradeCheck = 0460;
				ORGANIZATIONNAME = "Daniel Slomovits";
			};
			buildConfigurationList = 65E3CEAF16C7109A00DDEA65 /* Build configuration list for PBXProject "Matchismo" */;
			compatibilityVersion = "Xcode 3.2";
			developmentRegion = English;
			hasScannedForEncodings = 0;
			knownRegions = (
				en,
			);
			mainGroup = 65E3CEAB16C7109A00DDEA65;
			productRefGroup = 65E3CEB516C7109A00DDEA65 /* Products */;
			projectDirPath = "";
			projectRoot = "";
			targets = (
				65E3CEB316C7109A00DDEA65 /* Matchismo */,
			);
		};
/* End PBXProject section */

/* Begin PBXResourcesBuildPhase section */
		65E3CEB216C7109A00DDEA65 /* Resources */ = {
			isa = PBXResourcesBuildPhase;
			buildActionMask = 2147483647;
			files = (
				65E3CEC216C7109A00DDEA65 /* InfoPlist.strings in Resources */,
				65E3CECA16C7109A00DDEA65 /* Default.png in Resources */,
				65E3CECC16C7109A00DDEA65 /* Default@2x.png in Resources */,
				65E3CECE16C7109A00DDEA65 /* Default-568h@2x.png in Resources */,
				65E3CED116C7109A00DDEA65 /* MainStoryboard.storyboard in Resources */,
				65300C6B16C84603007D5923 /* CardBack.jpg in Resources */,
				65E90E0C16CD58F200A00FE1 /* greyPixel.png in Resources */,
				65644FCE16F650E9006EB4B0 /* J♠.jpg in Resources */,
				65644FCF16F650E9006EB4B0 /* J♠@2x.jpg in Resources */,
				65644FD016F650E9006EB4B0 /* J♣.jpg in Resources */,
				65644FD116F650E9006EB4B0 /* J♣@2x.jpg in Resources */,
				65644FD216F650E9006EB4B0 /* J♥.jpg in Resources */,
				65644FD316F650E9006EB4B0 /* J♥@2x.jpg in Resources */,
				65644FD416F650E9006EB4B0 /* J♦.jpg in Resources */,
				65644FD516F650E9006EB4B0 /* J♦@2x.jpg in Resources */,
				65644FD616F650E9006EB4B0 /* K♠.jpg in Resources */,
				65644FD716F650E9006EB4B0 /* K♠@2x.jpg in Resources */,
				65644FD816F650E9006EB4B0 /* K♣.jpg in Resources */,
				65644FD916F650E9006EB4B0 /* K♣@2x.jpg in Resources */,
				65644FDA16F650E9006EB4B0 /* K♥.jpg in Resources */,
				65644FDB16F650E9006EB4B0 /* K♥@2x.jpg in Resources */,
				65644FDC16F650E9006EB4B0 /* K♦.jpg in Resources */,
				65644FDD16F650E9006EB4B0 /* K♦@2x.jpg in Resources */,
				65644FDE16F650E9006EB4B0 /* Q♠.jpg in Resources */,
				65644FDF16F650E9006EB4B0 /* Q♠@2x.jpg in Resources */,
				65644FE016F650E9006EB4B0 /* Q♣.jpg in Resources */,
				65644FE116F650E9006EB4B0 /* Q♣@2x.jpg in Resources */,
				65644FE216F650E9006EB4B0 /* Q♥.jpg in Resources */,
				65644FE316F650E9006EB4B0 /* Q♥@2x.jpg in Resources */,
				65644FE416F650E9006EB4B0 /* Q♦.jpg in Resources */,
				65644FE516F650E9006EB4B0 /* Q♦@2x.jpg in Resources */,
				65644FE616F650E9006EB4B0 /* cardback.png in Resources */,
			);
			runOnlyForDeploymentPostprocessing = 0;
		};
/* End PBXResourcesBuildPhase section */

/* Begin PBXSourcesBuildPhase section */
		65E3CEB016C7109A00DDEA65 /* Sources */ = {
			isa = PBXSourcesBuildPhase;
			buildActionMask = 2147483647;
			files = (
				65E3CEC416C7109A00DDEA65 /* main.m in Sources */,
				65E3CEC816C7109A00DDEA65 /* MGAppDelegate.m in Sources */,
				65E3CED416C7109A00DDEA65 /* MGCardGameViewController.m in Sources */,
				65E3CEDC16C710D900DDEA65 /* MGCard.m in Sources */,
				65E3CEE016C710F500DDEA65 /* MGDeck.m in Sources */,
				65E3CEE316C7110200DDEA65 /* MGPlayingCard.m in Sources */,
				65E3CEE616C7111500DDEA65 /* MGPlayingCardDeck.m in Sources */,
				65E3CEE916C7112E00DDEA65 /* MGMatchingGame.m in Sources */,
				65CFB0C716C84BDC005DEEBE /* MGThreeCardMatchingGame.m in Sources */,
				65D4D23416CC63FA0073D34C /* MGGame.m in Sources */,
				65D4D23716CC642D0073D34C /* MGMatchingGameViewController.m in Sources */,
				65D4D27416CC6A330073D34C /* MGSetCard.m in Sources */,
				6543B67C16CC901600010EF3 /* MGSetGameViewController.m in Sources */,
				6543B67F16CC906C00010EF3 /* MGSetDeck.m in Sources */,
				6543B68216CC95FF00010EF3 /* MGSetGame.m in Sources */,
				6577E30616DA83FF00E02F20 /* MGGameResult.m in Sources */,
				6577E30916DA8B3800E02F20 /* MGGameResultsViewController.m in Sources */,
				65644FB316F64250006EB4B0 /* MGPlayingCardView.m in Sources */,
				65644FE916F6514D006EB4B0 /* MGPlayingCardCollectionViewCell.m in Sources */,
				6564500E16F6B524006EB4B0 /* MGSetCardCollectionViewCell.m in Sources */,
				6564501116F6B52E006EB4B0 /* MGSetCardView.m in Sources */,
			);
			runOnlyForDeploymentPostprocessing = 0;
		};
/* End PBXSourcesBuildPhase section */

/* Begin PBXVariantGroup section */
		65E3CEC016C7109A00DDEA65 /* InfoPlist.strings */ = {
			isa = PBXVariantGroup;
			children = (
				65E3CEC116C7109A00DDEA65 /* en */,
			);
			name = InfoPlist.strings;
			sourceTree = "<group>";
		};
		65E3CECF16C7109A00DDEA65 /* MainStoryboard.storyboard */ = {
			isa = PBXVariantGroup;
			children = (
				65E3CED016C7109A00DDEA65 /* en */,
			);
			name = MainStoryboard.storyboard;
			sourceTree = "<group>";
		};
/* End PBXVariantGroup section */

/* Begin XCBuildConfiguration section */
		65E3CED516C7109A00DDEA65 /* Debug */ = {
			isa = XCBuildConfiguration;
			buildSettings = {
				ALWAYS_SEARCH_USER_PATHS = NO;
				CLANG_CXX_LANGUAGE_STANDARD = "gnu++0x";
				CLANG_CXX_LIBRARY = "libc++";
				CLANG_ENABLE_OBJC_ARC = YES;
				CLANG_WARN_CONSTANT_CONVERSION = YES;
				CLANG_WARN_EMPTY_BODY = YES;
				CLANG_WARN_ENUM_CONVERSION = YES;
				CLANG_WARN_INT_CONVERSION = YES;
				CLANG_WARN__DUPLICATE_METHOD_MATCH = YES;
				"CODE_SIGN_IDENTITY[sdk=iphoneos*]" = "iPhone Developer";
				COPY_PHASE_STRIP = NO;
				GCC_C_LANGUAGE_STANDARD = gnu99;
				GCC_DYNAMIC_NO_PIC = NO;
				GCC_OPTIMIZATION_LEVEL = 0;
				GCC_PREPROCESSOR_DEFINITIONS = (
					"DEBUG=1",
					"$(inherited)",
				);
				GCC_SYMBOLS_PRIVATE_EXTERN = NO;
				GCC_WARN_ABOUT_RETURN_TYPE = YES;
				GCC_WARN_UNINITIALIZED_AUTOS = YES;
				GCC_WARN_UNUSED_VARIABLE = YES;
				IPHONEOS_DEPLOYMENT_TARGET = 6.1;
				ONLY_ACTIVE_ARCH = YES;
				SDKROOT = iphoneos;
			};
			name = Debug;
		};
		65E3CED616C7109A00DDEA65 /* Release */ = {
			isa = XCBuildConfiguration;
			buildSettings = {
				ALWAYS_SEARCH_USER_PATHS = NO;
				CLANG_CXX_LANGUAGE_STANDARD = "gnu++0x";
				CLANG_CXX_LIBRARY = "libc++";
				CLANG_ENABLE_OBJC_ARC = YES;
				CLANG_WARN_CONSTANT_CONVERSION = YES;
				CLANG_WARN_EMPTY_BODY = YES;
				CLANG_WARN_ENUM_CONVERSION = YES;
				CLANG_WARN_INT_CONVERSION = YES;
				CLANG_WARN__DUPLICATE_METHOD_MATCH = YES;
				"CODE_SIGN_IDENTITY[sdk=iphoneos*]" = "iPhone Developer";
				COPY_PHASE_STRIP = YES;
				GCC_C_LANGUAGE_STANDARD = gnu99;
				GCC_WARN_ABOUT_RETURN_TYPE = YES;
				GCC_WARN_UNINITIALIZED_AUTOS = YES;
				GCC_WARN_UNUSED_VARIABLE = YES;
				IPHONEOS_DEPLOYMENT_TARGET = 6.1;
				OTHER_CFLAGS = "-DNS_BLOCK_ASSERTIONS=1";
				SDKROOT = iphoneos;
				VALIDATE_PRODUCT = YES;
			};
			name = Release;
		};
		65E3CED816C7109A00DDEA65 /* Debug */ = {
			isa = XCBuildConfiguration;
			buildSettings = {
				GCC_PRECOMPILE_PREFIX_HEADER = YES;
				GCC_PREFIX_HEADER = "Matchismo/Matchismo-Prefix.pch";
				INFOPLIST_FILE = "Matchismo/Matchismo-Info.plist";
				PRODUCT_NAME = "$(TARGET_NAME)";
				WRAPPER_EXTENSION = app;
			};
			name = Debug;
		};
		65E3CED916C7109A00DDEA65 /* Release */ = {
			isa = XCBuildConfiguration;
			buildSettings = {
				GCC_PRECOMPILE_PREFIX_HEADER = YES;
				GCC_PREFIX_HEADER = "Matchismo/Matchismo-Prefix.pch";
				INFOPLIST_FILE = "Matchismo/Matchismo-Info.plist";
				PRODUCT_NAME = "$(TARGET_NAME)";
				WRAPPER_EXTENSION = app;
			};
			name = Release;
		};
/* End XCBuildConfiguration section */

/* Begin XCConfigurationList section */
		65E3CEAF16C7109A00DDEA65 /* Build configuration list for PBXProject "Matchismo" */ = {
			isa = XCConfigurationList;
			buildConfigurations = (
				65E3CED516C7109A00DDEA65 /* Debug */,
				65E3CED616C7109A00DDEA65 /* Release */,
			);
			defaultConfigurationIsVisible = 0;
			defaultConfigurationName = Release;
		};
		65E3CED716C7109A00DDEA65 /* Build configuration list for PBXNativeTarget "Matchismo" */ = {
			isa = XCConfigurationList;
			buildConfigurations = (
				65E3CED816C7109A00DDEA65 /* Debug */,
				65E3CED916C7109A00DDEA65 /* Release */,
			);
			defaultConfigurationIsVisible = 0;
			defaultConfigurationName = Release;
		};
/* End XCConfigurationList section */
	};
	rootObject = 65E3CEAC16C7109A00DDEA65 /* Project object */;
}
